{
  "lockfileVersion": 1,
  "configVersion": 1,
  "workspaces": {
    "": {
      "name": "@agentlane/process-bridge",
      "dependencies": {
        "zod": "^4.4.3",
      },
      "devDependencies": {
        "@biomejs/biome": "2.4.0",
        "@types/bun": "^1.3.4",
        "typescript": "^5.9.3",
      },
    },
  },
  "packages": {
    "@biomejs/biome": ["@biomejs/biome@2.4.0", "", { "optionalDependencies": { "@biomejs/cli-darwin-arm64": "2.4.0", "@biomejs/cli-darwin-x64": "2.4.0", "@biomejs/cli-linux-arm64": "2.4.0", "@biomejs/cli-linux-arm64-musl": "2.4.0", "@biomejs/cli-linux-x64": "2.4.0", "@biomejs/cli-linux-x64-musl": "2.4.0", "@biomejs/cli-win32-arm64": "2.4.0", "@biomejs/cli-win32-x64": "2.4.0" }, "bin": { "biome": "bin/biome" } }, "sha512-iluT61cORUDIC5i/y42ljyQraCemmmcgbMLLCnYO+yh+2hjTmcMFcwY8G0zTzWCsPb3t3AyKc+0t/VuhPZULUg=="],

    "@biomejs/cli-darwin-arm64": ["@biomejs/cli-darwin-arm64@2.4.0", "", { "os": "darwin", "cpu": "arm64" }, "sha512-L+YpOtPSuU0etomfvFTPWRsa7+8ejaJL3yaROEoT/96HDJbR6OsvZQk0C8JUYou+XFdP+JcGxqZknkp4n934RA=="],

    "@biomejs/cli-darwin-x64": ["@biomejs/cli-darwin-x64@2.4.0", "", { "os": "darwin", "cpu": "x64" }, "sha512-Aq+S7ffpb5ynTyLgtnEjG+W6xuTd2F7FdC7J6ShpvRhZwJhjzwITGF9vrqoOnw0sv1XWkt2Q1Rpg+hleg/Xg7Q=="],

    "@biomejs/cli-linux-arm64": ["@biomejs/cli-linux-arm64@2.4.0", "", { "os": "linux", "cpu": "arm64" }, "sha512-u2p54IhvNAWB+h7+rxCZe3reNfQYFK+ppDw+q0yegrGclFYnDPZAntv/PqgUacpC3uxTeuWFgWW7RFe3lHuxOA=="],

    "@biomejs/cli-linux-arm64-musl": ["@biomejs/cli-linux-arm64-musl@2.4.0", "", { "os": "linux", "cpu": "arm64" }, "sha512-1rhDUq8sf7xX3tg7vbnU3WVfanKCKi40OXc4VleBMzRStmQHdeBY46aFP6VdwEomcVjyNiu+Zcr3LZtAdrZrjQ=="],

    "@biomejs/cli-linux-x64": ["@biomejs/cli-linux-x64@2.4.0", "", { "os": "linux", "cpu": "x64" }, "sha512-WVFOhsnzhrbMGOSIcB9yFdRV2oG2KkRRhIZiunI9gJqSU3ax9ErdnTxRfJUxZUI9NbzVxC60OCXNcu+mXfF/Tw=="],

    "@biomejs/cli-linux-x64-musl": ["@biomejs/cli-linux-x64-musl@2.4.0", "", { "os": "linux", "cpu": "x64" }, "sha512-Omo0xhl63z47X+CrE5viEWKJhejJyndl577VoXg763U/aoATrK3r5+8DPh02GokWPeODX1Hek00OtjjooGan9w=="],

    "@biomejs/cli-win32-arm64": ["@biomejs/cli-win32-arm64@2.4.0", "", { "os": "win32", "cpu": "arm64" }, "sha512-aqRwW0LJLV1v1NzyLvLWQhdLmDSAV1vUh+OBdYJaa8f28XBn5BZavo+WTfqgEzALZxlNfBmu6NGO6Al3MbCULw=="],

    "@biomejs/cli-win32-x64": ["@biomejs/cli-win32-x64@2.4.0", "", { "os": "win32", "cpu": "x64" }, "sha512-g47s+V+OqsGxbSZN3lpav6WYOk0PIc3aCBAq+p6dwSynL3K5MA6Cg6nkzDOlu28GEHwbakW+BllzHCJCxnfK5Q=="],

    "@types/bun": ["@types/bun@1.3.14", "", { "dependencies": { "bun-types": "1.3.14" } }, "sha512-h1hFqFVcvAvD9j9K7ZW7vd82aSA+rTdznZa+5bwvCwqSB1jmmfLcbIWhOLx1/+boy/xmjgCs/OMUL8hRJSmnPw=="],

    "@types/node": ["@types/node@24.13.2", "", { "dependencies": { "undici-types": "~7.18.0" } }, "sha512-fRa09kZTgu8o71KFcDjUFuc7F+dEbZYZmkI0mg5YBTRs0yMKjYHsq/c0urDKeDb+D5qVgXOdFcuu+DZPKOITwA=="],

    "bun-types": ["bun-types@1.3.14", "", { "dependencies": { "@types/node": "*" } }, "sha512-4N0ig0fEomHt5R0KCFWjovxow98rIoRwKolrYdCcknNwMekCXRnWEUvgu5soYV8QXtVsrUD8B95MBOZGPvr6KQ=="],

    "typescript": ["typescript@5.9.3", "", { "bin": { "tsc": "bin/tsc", "tsserver": "bin/tsserver" } }, "sha512-jl1vZzPDinLr9eUt3J/t7V6FgNEw9QjvBPdysz9KfQDD41fQrC2Y4vKQdiaUpFT4bXlb1RHhLpp8wtm6M5TgSw=="],

    "undici-types": ["undici-types@7.18.2", "", {}, "sha512-AsuCzffGHJybSaRrmr5eHr81mwJU3kjw6M+uprWvCXiNeN9SOGwQ3Jn8jb8m3Z6izVgknn1R0FTCEAP2QrLY/w=="],

    "zod": ["zod@4.4.3", "", {}, "sha512-ytENFjIJFl2UwYglde2jchW2Hwm4GJFLDiSXWdTrJQBIN9Fcyp7n4DhxJEiWNAJMV1/BqWfW/kkg71UDcHJyTQ=="],
  }
}
